// !$*UTF8*$!
{
	archiveVersion = 1;
	classes = {
	};
	objectVersion = 46;
	objects = {

/* Begin PBXBuildFile section */
		170A4D161A617A3600A76546 /* main.m in Sources */ = {isa = PBXBuildFile; fileRef = 170A4D151A617A3600A76546 /* main.m */; };
		170A4D191A617A3600A76546 /* AppDelegate.m in Sources */ = {isa = PBXBuildFile; fileRef = 170A4D181A617A3600A76546 /* AppDelegate.m */; };
		170A4D1C1A617A3600A76546 /* ViewControllerScreen1.m in Sources */ = {isa = PBXBuildFile; fileRef = 170A4D1B1A617A3600A76546 /* ViewControllerScreen1.m */; };
		170A4D1F1A617A3600A76546 /* Main.storyboard in Resources */ = {isa = PBXBuildFile; fileRef = 170A4D1D1A617A3600A76546 /* Main.storyboard */; };
		170A4D211A617A3600A76546 /* Images.xcassets in Resources */ = {isa = PBXBuildFile; fileRef = 170A4D201A617A3600A76546 /* Images.xcassets */; };
		170A4D241A617A3600A76546 /* LaunchScreen.xib in Resources */ = {isa = PBXBuildFile; fileRef = 170A4D221A617A3600A76546 /* LaunchScreen.xib */; };
		170A4D301A617A3600A76546 /* Projekt2Tests.m in Sources */ = {isa = PBXBuildFile; fileRef = 170A4D2F1A617A3600A76546 /* Projekt2Tests.m */; };
		170A4D3B1A61815000A76546 /* ViewControllerScreen2.m in Sources */ = {isa = PBXBuildFile; fileRef = 170A4D3A1A61815000A76546 /* ViewControllerScreen2.m */; };
/* End PBXBuildFile section */

/* Begin PBXContainerItemProxy section */
		170A4D2A1A617A3600A76546 /* PBXContainerItemProxy */ = {
			isa = PBXContainerItemProxy;
			containerPortal = 170A4D081A617A3600A76546 /* Project object */;
			proxyType = 1;
			remoteGlobalIDString = 170A4D0F1A617A3600A76546;
			remoteInfo = Projekt2;
		};
/* End PBXContainerItemProxy section */

/* Begin PBXFileReference section */
		170A4D101A617A3600A76546 /* Projekt2.app */ = {isa = PBXFileReference; explicitFileType = wrapper.application; includeInIndex = 0; path = Projekt2.app; sourceTree = BUILT_PRODUCTS_DIR; };
		170A4D141A617A3600A76546 /* Info.plist */ = {isa = PBXFileReference; lastKnownFileType = text.plist.xml; path = Info.plist; sourceTree = "<group>"; };
		170A4D151A617A3600A76546 /* main.m */ = {isa = PBXFileReference; lastKnownFileType = sourcecode.c.objc; path = main.m; sourceTree = "<group>"; };
		170A4D171A617A3600A76546 /* AppDelegate.h */ = {isa = PBXFileReference; lastKnownFileType = sourcecode.c.h; path = AppDelegate.h; sourceTree = "<group>"; };
		170A4D181A617A3600A76546 /* AppDelegate.m */ = {isa = PBXFileReference; lastKnownFileType = sourcecode.c.objc; path = AppDelegate.m; sourceTree = "<group>"; };
		170A4D1A1A617A3600A76546 /* ViewControllerScreen1.h */ = {isa = PBXFileReference; lastKnownFileType = sourcecode.c.h; path = ViewControllerScreen1.h; sourceTree = "<group>"; };
		170A4D1B1A617A3600A76546 /* ViewControllerScreen1.m */ = {isa = PBXFileReference; lastKnownFileType = sourcecode.c.objc; path = ViewControllerScreen1.m; sourceTree = "<group>"; };
		170A4D1E1A617A3600A76546 /* Base */ = {isa = PBXFileReference; lastKnownFileType = file.storyboard; name = Base; path = Base.lproj/Main.storyboard; sourceTree = "<group>"; };
		170A4D201A617A3600A76546 /* Images.xcassets */ = {isa = PBXFileReference; lastKnownFileType = folder.assetcatalog; path = Images.xcassets; sourceTree = "<group>"; };
		170A4D231A617A3600A76546 /* Base */ = {isa = PBXFileReference; lastKnownFileType = file.xib; name = Base; path = Base.lproj/LaunchScreen.xib; sourceTree = "<group>"; };
		170A4D291A617A3600A76546 /* Projekt2Tests.xctest */ = {isa = PBXFileReference; explicitFileType = wrapper.cfbundle; includeInIndex = 0; path = Projekt2Tests.xctest; sourceTree = BUILT_PRODUCTS_DIR; };
		170A4D2E1A617A3600A76546 /* Info.plist */ = {isa = PBXFileReference; lastKnownFileType = text.plist.xml; path = Info.plist; sourceTree = "<group>"; };
		170A4D2F1A617A3600A76546 /* Projekt2Tests.m */ = {isa = PBXFileReference; lastKnownFileType = sourcecode.c.objc; path = Projekt2Tests.m; sourceTree = "<group>"; };
		170A4D391A61815000A76546 /* ViewControllerScreen2.h */ = {isa = PBXFileReference; fileEncoding = 4; lastKnownFileType = sourcecode.c.h; path = ViewControllerScreen2.h; sourceTree = "<group>"; };
		170A4D3A1A61815000A76546 /* ViewControllerScreen2.m */ = {isa = PBXFileReference; fileEncoding = 4; lastKnownFileType = sourcecode.c.objc; path = ViewControllerScreen2.m; sourceTree = "<group>"; };
/* End PBXFileReference section */

/* Begin PBXFrameworksBuildPhase section */
		170A4D0D1A617A3600A76546 /* Frameworks */ = {
			isa = PBXFrameworksBuildPhase;
			buildActionMask = 2147483647;
			files = (
			);
			runOnlyForDeploymentPostprocessing = 0;
		};
		170A4D261A617A3600A76546 /* Frameworks */ = {
			isa = PBXFrameworksBuildPhase;
			buildActionMask = 2147483647;
			files = (
			);
			runOnlyForDeploymentPostprocessing = 0;
		};
/* End PBXFrameworksBuildPhase section */

/* Begin PBXGroup section */
		170A4D071A617A3600A76546 = {
			isa = PBXGroup;
			children = (
				170A4D121A617A3600A76546 /* Projekt2 */,
				170A4D2C1A617A3600A76546 /* Projekt2Tests */,
				170A4D111A617A3600A76546 /* Products */,
			);
			sourceTree = "<group>";
		};
		170A4D111A617A3600A76546 /* Products */ = {
			isa = PBXGroup;
			children = (
				170A4D101A617A3600A76546 /* Projekt2.app */,
				170A4D291A617A3600A76546 /* Projekt2Tests.xctest */,
			);
			name = Products;
			sourceTree = "<group>";
		};
		170A4D121A617A3600A76546 /* Projekt2 */ = {
			isa = PBXGroup;
			children = (
				170A4D171A617A3600A76546 /* AppDelegate.h */,
				170A4D181A617A3600A76546 /* AppDelegate.m */,
				170A4D1A1A617A3600A76546 /* ViewControllerScreen1.h */,
				170A4D1B1A617A3600A76546 /* ViewControllerScreen1.m */,
				170A4D391A61815000A76546 /* ViewControllerScreen2.h */,
				170A4D3A1A61815000A76546 /* ViewControllerScreen2.m */,
				170A4D1D1A617A3600A76546 /* Main.storyboard */,
				170A4D201A617A3600A76546 /* Images.xcassets */,
				170A4D221A617A3600A76546 /* LaunchScreen.xib */,
				170A4D131A617A3600A76546 /* Supporting Files */,
			);
			path = Projekt2;
			sourceTree = "<group>";
		};
		170A4D131A617A3600A76546 /* Supporting Files */ = {
			isa = PBXGroup;
			children = (
				170A4D141A617A3600A76546 /* Info.plist */,
				170A4D151A617A3600A76546 /* main.m */,
			);
			name = "Supporting Files";
			sourceTree = "<group>";
		};
		170A4D2C1A617A3600A76546 /* Projekt2Tests */ = {
			isa = PBXGroup;
			children = (
				170A4D2F1A617A3600A76546 /* Projekt2Tests.m */,
				170A4D2D1A617A3600A76546 /* Supporting Files */,
			);
			path = Projekt2Tests;
			sourceTree = "<group>";
		};
		170A4D2D1A617A3600A76546 /* Supporting Files */ = {
			isa = PBXGroup;
			children = (
				170A4D2E1A617A3600A76546 /* Info.plist */,
			);
			name = "Supporting Files";
			sourceTree = "<group>";
		};
/* End PBXGroup section */

/* Begin PBXNativeTarget section */
		170A4D0F1A617A3600A76546 /* Projekt2 */ = {
			isa = PBXNativeTarget;
			buildConfigurationList = 170A4D331A617A3600A76546 /* Build configuration list for PBXNativeTarget "Projekt2" */;
			buildPhases = (
				170A4D0C1A617A3600A76546 /* Sources */,
				170A4D0D1A617A3600A76546 /* Frameworks */,
				170A4D0E1A617A3600A76546 /* Resources */,
			);
			buildRules = (
			);
			dependencies = (
			);
			name = Projekt2;
			productName = Projekt2;
			productReference = 170A4D101A617A3600A76546 /* Projekt2.app */;
			productType = "com.apple.product-type.application";
		};
		170A4D281A617A3600A76546 /* Projekt2Tests */ = {
			isa = PBXNativeTarget;
			buildConfigurationList = 170A4D361A617A3600A76546 /* Build configuration list for PBXNativeTarget "Projekt2Tests" */;
			buildPhases = (
				170A4D251A617A3600A76546 /* Sources */,
				170A4D261A617A3600A76546 /* Frameworks */,
				170A4D271A617A3600A76546 /* Resources */,
			);
			buildRules = (
			);
			dependencies = (
				170A4D2B1A617A3600A76546 /* PBXTargetDependency */,
			);
			name = Projekt2Tests;
			productName = Projekt2Tests;
			productReference = 170A4D291A617A3600A76546 /* Projekt2Tests.xctest */;
			productType = "com.apple.product-type.bundle.unit-test";
		};
/* End PBXNativeTarget section */

/* Begin PBXProject section */
		170A4D081A617A3600A76546 /* Project object */ = {
			isa = PBXProject;
			attributes = {
				LastUpgradeCheck = 0610;
				ORGANIZATIONNAME = Podyplomowe;
				TargetAttributes = {
					170A4D0F1A617A3600A76546 = {
						CreatedOnToolsVersion = 6.1.1;
					};
					170A4D281A617A3600A76546 = {
						CreatedOnToolsVersion = 6.1.1;
						TestTargetID = 170A4D0F1A617A3600A76546;
					};
				};
			};
			buildConfigurationList = 170A4D0B1A617A3600A76546 /* Build configuration list for PBXProject "Projekt2" */;
			compatibilityVersion = "Xcode 3.2";
			developmentRegion = English;
			hasScannedForEncodings = 0;
			knownRegions = (
				en,
				Base,
			);
			mainGroup = 170A4D071A617A3600A76546;
			productRefGroup = 170A4D111A617A3600A76546 /* Products */;
			projectDirPath = "";
			projectRoot = "";
			targets = (
				170A4D0F1A617A3600A76546 /* Projekt2 */,
				170A4D281A617A3600A76546 /* Projekt2Tests */,
			);
		};
/* End PBXProject section */

/* Begin PBXResourcesBuildPhase section */
		170A4D0E1A617A3600A76546 /* Resources */ = {
			isa = PBXResourcesBuildPhase;
			buildActionMask = 2147483647;
			files = (
				170A4D1F1A617A3600A76546 /* Main.storyboard in Resources */,
				170A4D241A617A3600A76546 /* LaunchScreen.xib in Resources */,
				170A4D211A617A3600A76546 /* Images.xcassets in Resources */,
			);
			runOnlyForDeploymentPostprocessing = 0;
		};
		170A4D271A617A3600A76546 /* Resources */ = {
			isa = PBXResourcesBuildPhase;
			buildActionMask = 2147483647;
			files = (
			);
			runOnlyForDeploymentPostprocessing = 0;
		};
/* End PBXResourcesBuildPhase section */

/* Begin PBXSourcesBuildPhase section */
		170A4D0C1A617A3600A76546 /* Sources */ = {
			isa = PBXSourcesBuildPhase;
			buildActionMask = 2147483647;
			files = (
				170A4D1C1A617A3600A76546 /* ViewControllerScreen1.m in Sources */,
				170A4D191A617A3600A76546 /* AppDelegate.m in Sources */,
				170A4D161A617A3600A76546 /* main.m in Sources */,
				170A4D3B1A61815000A76546 /* ViewControllerScreen2.m in Sources */,
			);
			runOnlyForDeploymentPostprocessing = 0;
		};
		170A4D251A617A3600A76546 /* Sources */ = {
			isa = PBXSourcesBuildPhase;
			buildActionMask = 2147483647;
			files = (
				170A4D301A617A3600A76546 /* Projekt2Tests.m in Sources */,
			);
			runOnlyForDeploymentPostprocessing = 0;
		};
/* End PBXSourcesBuildPhase section */

/* Begin PBXTargetDependency section */
		170A4D2B1A617A3600A76546 /* PBXTargetDependency */ = {
			isa = PBXTargetDependency;
			target = 170A4D0F1A617A3600A76546 /* Projekt2 */;
			targetProxy = 170A4D2A1A617A3600A76546 /* PBXContainerItemProxy */;
		};
/* End PBXTargetDependency section */

/* Begin PBXVariantGroup section */
		170A4D1D1A617A3600A76546 /* Main.storyboard */ = {
			isa = PBXVariantGroup;
			children = (
				170A4D1E1A617A3600A76546 /* Base */,
			);
			name = Main.storyboard;
			sourceTree = "<group>";
		};
		170A4D221A617A3600A76546 /* LaunchScreen.xib */ = {
			isa = PBXVariantGroup;
			children = (
				170A4D231A617A3600A76546 /* Base */,
			);
			name = LaunchScreen.xib;
			sourceTree = "<group>";
		};
/* End PBXVariantGroup section */

/* Begin XCBuildConfiguration section */
		170A4D311A617A3600A76546 /* Debug */ = {
			isa = XCBuildConfiguration;
			buildSettings = {
				ALWAYS_SEARCH_USER_PATHS = NO;
				CLANG_CXX_LANGUAGE_STANDARD = "gnu++0x";
				CLANG_CXX_LIBRARY = "libc++";
				CLANG_ENABLE_MODULES = YES;
				CLANG_ENABLE_OBJC_ARC = YES;
				CLANG_WARN_BOOL_CONVERSION = YES;
				CLANG_WARN_CONSTANT_CONVERSION = YES;
				CLANG_WARN_DIRECT_OBJC_ISA_USAGE = YES_ERROR;
				CLANG_WARN_EMPTY_BODY = YES;
				CLANG_WARN_ENUM_CONVERSION = YES;
				CLANG_WARN_INT_CONVERSION = YES;
				CLANG_WARN_OBJC_ROOT_CLASS = YES_ERROR;
				CLANG_WARN_UNREACHABLE_CODE = YES;
				CLANG_WARN__DUPLICATE_METHOD_MATCH = YES;
				"CODE_SIGN_IDENTITY[sdk=iphoneos*]" = "iPhone Developer";
				COPY_PHASE_STRIP = NO;
				ENABLE_STRICT_OBJC_MSGSEND = YES;
				GCC_C_LANGUAGE_STANDARD = gnu99;
				GCC_DYNAMIC_NO_PIC = NO;
				GCC_OPTIMIZATION_LEVEL = 0;
				GCC_PREPROCESSOR_DEFINITIONS = (
					"DEBUG=1",
					"$(inherited)",
				);
				GCC_SYMBOLS_PRIVATE_EXTERN = NO;
				GCC_WARN_64_TO_32_BIT_CONVERSION = YES;
				GCC_WARN_ABOUT_RETURN_TYPE = YES_ERROR;
				GCC_WARN_UNDECLARED_SELECTOR = YES;
				GCC_WARN_UNINITIALIZED_AUTOS = YES_AGGRESSIVE;
				GCC_WARN_UNUSED_FUNCTION = YES;
				GCC_WARN_UNUSED_VARIABLE = YES;
				IPHONEOS_DEPLOYMENT_TARGET = 8.1;
				MTL_ENABLE_DEBUG_INFO = YES;
				ONLY_ACTIVE_ARCH = YES;
				SDKROOT = iphoneos;
			};
			name = Debug;
		};
		170A4D321A617A3600A76546 /* Release */ = {
			isa = XCBuildConfiguration;
			buildSettings = {
				ALWAYS_SEARCH_USER_PATHS = NO;
				CLANG_CXX_LANGUAGE_STANDARD = "gnu++0x";
				CLANG_CXX_LIBRARY = "libc++";
				CLANG_ENABLE_MODULES = YES;
				CLANG_ENABLE_OBJC_ARC = YES;
				CLANG_WARN_BOOL_CONVERSION = YES;
				CLANG_WARN_CONSTANT_CONVERSION = YES;
				CLANG_WARN_DIRECT_OBJC_ISA_USAGE = YES_ERROR;
				CLANG_WARN_EMPTY_BODY = YES;
				CLANG_WARN_ENUM_CONVERSION = YES;
				CLANG_WARN_INT_CONVERSION = YES;
				CLANG_WARN_OBJC_ROOT_CLASS = YES_ERROR;
				CLANG_WARN_UNREACHABLE_CODE = YES;
				CLANG_WARN__DUPLICATE_METHOD_MATCH = YES;
				"CODE_SIGN_IDENTITY[sdk=iphoneos*]" = "iPhone Developer";
				COPY_PHASE_STRIP = YES;
				ENABLE_NS_ASSERTIONS = NO;
				ENABLE_STRICT_OBJC_MSGSEND = YES;
				GCC_C_LANGUAGE_STANDARD = gnu99;
				GCC_WARN_64_TO_32_BIT_CONVERSION = YES;
				GCC_WARN_ABOUT_RETURN_TYPE = YES_ERROR;
				GCC_WARN_UNDECLARED_SELECTOR = YES;
				GCC_WARN_UNINITIALIZED_AUTOS = YES_AGGRESSIVE;
				GCC_WARN_UNUSED_FUNCTION = YES;
				GCC_WARN_UNUSED_VARIABLE = YES;
				IPHONEOS_DEPLOYMENT_TARGET = 8.1;
				MTL_ENABLE_DEBUG_INFO = NO;
				SDKROOT = iphoneos;
				VALIDATE_PRODUCT = YES;
			};
			name = Release;
		};
		170A4D341A617A3600A76546 /* Debug */ = {
			isa = XCBuildConfiguration;
			buildSettings = {
				ASSETCATALOG_COMPILER_APPICON_NAME = AppIcon;
				INFOPLIST_FILE = Projekt2/Info.plist;
				LD_RUNPATH_SEARCH_PATHS = "$(inherited) @executable_path/Frameworks";
				PRODUCT_NAME = "$(TARGET_NAME)";
			};
			name = Debug;
		};
		170A4D351A617A3600A76546 /* Release */ = {
			isa = XCBuildConfiguration;
			buildSettings = {
				ASSETCATALOG_COMPILER_APPICON_NAME = AppIcon;
				INFOPLIST_FILE = Projekt2/Info.plist;
				LD_RUNPATH_SEARCH_PATHS = "$(inherited) @executable_path/Frameworks";
				PRODUCT_NAME = "$(TARGET_NAME)";
			};
			name = Release;
		};
		170A4D371A617A3600A76546 /* Debug */ = {
			isa = XCBuildConfiguration;
			buildSettings = {
				BUNDLE_LOADER = "$(TEST_HOST)";
				FRAMEWORK_SEARCH_PATHS = (
					"$(SDKROOT)/Developer/Library/Frameworks",
					"$(inherited)",
				);
				GCC_PREPROCESSOR_DEFINITIONS = (
					"DEBUG=1",
					"$(inherited)",
				);
				INFOPLIST_FILE = Projekt2Tests/Info.plist;
				LD_RUNPATH_SEARCH_PATHS = "$(inherited) @executable_path/Frameworks @loader_path/Frameworks";
				PRODUCT_NAME = "$(TARGET_NAME)";
				TEST_HOST = "$(BUILT_PRODUCTS_DIR)/Projekt2.app/Projekt2";
			};
			name = Debug;
		};
		170A4D381A617A3600A76546 /* Release */ = {
			isa = XCBuildConfiguration;
			buildSettings = {
				BUNDLE_LOADER = "$(TEST_HOST)";
				FRAMEWORK_SEARCH_PATHS = (
					"$(SDKROOT)/Developer/Library/Frameworks",
					"$(inherited)",
				);
				INFOPLIST_FILE = Projekt2Tests/Info.plist;
				LD_RUNPATH_SEARCH_PATHS = "$(inherited) @executable_path/Frameworks @loader_path/Frameworks";
				PRODUCT_NAME = "$(TARGET_NAME)";
				TEST_HOST = "$(BUILT_PRODUCTS_DIR)/Projekt2.app/Projekt2";
			};
			name = Release;
		};
/* End XCBuildConfiguration section */

/* Begin XCConfigurationList section */
		170A4D0B1A617A3600A76546 /* Build configuration list for PBXProject "Projekt2" */ = {
			isa = XCConfigurationList;
			buildConfigurations = (
				170A4D311A617A3600A76546 /* Debug */,
				170A4D321A617A3600A76546 /* Release */,
			);
			defaultConfigurationIsVisible = 0;
			defaultConfigurationName = Release;
		};
		170A4D331A617A3600A76546 /* Build configuration list for PBXNativeTarget "Projekt2" */ = {
			isa = XCConfigurationList;
			buildConfigurations = (
				170A4D341A617A3600A76546 /* Debug */,
				170A4D351A617A3600A76546 /* Release */,
			);
			defaultConfigurationIsVisible = 0;
		};
		170A4D361A617A3600A76546 /* Build configuration list for PBXNativeTarget "Projekt2Tests" */ = {
			isa = XCConfigurationList;
			buildConfigurations = (
				170A4D371A617A3600A76546 /* Debug */,
				170A4D381A617A3600A76546 /* Release */,
			);
			defaultConfigurationIsVisible = 0;
		};
/* End XCConfigurationList section */
	};
	rootObject = 170A4D081A617A3600A76546 /* Project object */;
}
