// !$*UTF8*$!
{
	archiveVersion = 1;
	classes = {
	};
	objectVersion = 46;
	objects = {

/* Begin PBXBuildFile section */
		DD6695F31A6196BA00EF4D8B /* main.m in Sources */ = {isa = PBXBuildFile; fileRef = DD6695F21A6196BA00EF4D8B /* main.m */; };
		DD6695F61A6196BA00EF4D8B /* AppDelegate.m in Sources */ = {isa = PBXBuildFile; fileRef = DD6695F51A6196BA00EF4D8B /* AppDelegate.m */; };
		DD6695F91A6196BA00EF4D8B /* ViewControllerScreen1.m in Sources */ = {isa = PBXBuildFile; fileRef = DD6695F81A6196BA00EF4D8B /* ViewControllerScreen1.m */; };
		DD6695FC1A6196BA00EF4D8B /* Main.storyboard in Resources */ = {isa = PBXBuildFile; fileRef = DD6695FA1A6196BA00EF4D8B /* Main.storyboard */; };
		DD6695FE1A6196BA00EF4D8B /* Images.xcassets in Resources */ = {isa = PBXBuildFile; fileRef = DD6695FD1A6196BA00EF4D8B /* Images.xcassets */; };
		DD6696011A6196BA00EF4D8B /* LaunchScreen.xib in Resources */ = {isa = PBXBuildFile; fileRef = DD6695FF1A6196BA00EF4D8B /* LaunchScreen.xib */; };
		DD66960D1A6196BA00EF4D8B /* Z32Tests.m in Sources */ = {isa = PBXBuildFile; fileRef = DD66960C1A6196BA00EF4D8B /* Z32Tests.m */; };
		DD6696181A619DE900EF4D8B /* ViewControllerScreen2.m in Sources */ = {isa = PBXBuildFile; fileRef = DD6696171A619DE900EF4D8B /* ViewControllerScreen2.m */; };
/* End PBXBuildFile section */

/* Begin PBXContainerItemProxy section */
		DD6696071A6196BA00EF4D8B /* PBXContainerItemProxy */ = {
			isa = PBXContainerItemProxy;
			containerPortal = DD6695E51A6196BA00EF4D8B /* Project object */;
			proxyType = 1;
			remoteGlobalIDString = DD6695EC1A6196BA00EF4D8B;
			remoteInfo = Z32;
		};
/* End PBXContainerItemProxy section */

/* Begin PBXFileReference section */
		DD6695ED1A6196BA00EF4D8B /* Z32.app */ = {isa = PBXFileReference; explicitFileType = wrapper.application; includeInIndex = 0; path = Z32.app; sourceTree = BUILT_PRODUCTS_DIR; };
		DD6695F11A6196BA00EF4D8B /* Info.plist */ = {isa = PBXFileReference; lastKnownFileType = text.plist.xml; path = Info.plist; sourceTree = "<group>"; };
		DD6695F21A6196BA00EF4D8B /* main.m */ = {isa = PBXFileReference; lastKnownFileType = sourcecode.c.objc; path = main.m; sourceTree = "<group>"; };
		DD6695F41A6196BA00EF4D8B /* AppDelegate.h */ = {isa = PBXFileReference; lastKnownFileType = sourcecode.c.h; path = AppDelegate.h; sourceTree = "<group>"; };
		DD6695F51A6196BA00EF4D8B /* AppDelegate.m */ = {isa = PBXFileReference; lastKnownFileType = sourcecode.c.objc; path = AppDelegate.m; sourceTree = "<group>"; };
		DD6695F71A6196BA00EF4D8B /* ViewControllerScreen1.h */ = {isa = PBXFileReference; lastKnownFileType = sourcecode.c.h; path = ViewControllerScreen1.h; sourceTree = "<group>"; };
		DD6695F81A6196BA00EF4D8B /* ViewControllerScreen1.m */ = {isa = PBXFileReference; lastKnownFileType = sourcecode.c.objc; path = ViewControllerScreen1.m; sourceTree = "<group>"; };
		DD6695FB1A6196BA00EF4D8B /* Base */ = {isa = PBXFileReference; lastKnownFileType = file.storyboard; name = Base; path = Base.lproj/Main.storyboard; sourceTree = "<group>"; };
		DD6695FD1A6196BA00EF4D8B /* Images.xcassets */ = {isa = PBXFileReference; lastKnownFileType = folder.assetcatalog; path = Images.xcassets; sourceTree = "<group>"; };
		DD6696001A6196BA00EF4D8B /* Base */ = {isa = PBXFileReference; lastKnownFileType = file.xib; name = Base; path = Base.lproj/LaunchScreen.xib; sourceTree = "<group>"; };
		DD6696061A6196BA00EF4D8B /* Z32Tests.xctest */ = {isa = PBXFileReference; explicitFileType = wrapper.cfbundle; includeInIndex = 0; path = Z32Tests.xctest; sourceTree = BUILT_PRODUCTS_DIR; };
		DD66960B1A6196BA00EF4D8B /* Info.plist */ = {isa = PBXFileReference; lastKnownFileType = text.plist.xml; path = Info.plist; sourceTree = "<group>"; };
		DD66960C1A6196BA00EF4D8B /* Z32Tests.m */ = {isa = PBXFileReference; lastKnownFileType = sourcecode.c.objc; path = Z32Tests.m; sourceTree = "<group>"; };
		DD6696161A619DE900EF4D8B /* ViewControllerScreen2.h */ = {isa = PBXFileReference; fileEncoding = 4; lastKnownFileType = sourcecode.c.h; path = ViewControllerScreen2.h; sourceTree = "<group>"; };
		DD6696171A619DE900EF4D8B /* ViewControllerScreen2.m */ = {isa = PBXFileReference; fileEncoding = 4; lastKnownFileType = sourcecode.c.objc; path = ViewControllerScreen2.m; sourceTree = "<group>"; };
/* End PBXFileReference section */

/* Begin PBXFrameworksBuildPhase section */
		DD6695EA1A6196BA00EF4D8B /* Frameworks */ = {
			isa = PBXFrameworksBuildPhase;
			buildActionMask = 2147483647;
			files = (
			);
			runOnlyForDeploymentPostprocessing = 0;
		};
		DD6696031A6196BA00EF4D8B /* Frameworks */ = {
			isa = PBXFrameworksBuildPhase;
			buildActionMask = 2147483647;
			files = (
			);
			runOnlyForDeploymentPostprocessing = 0;
		};
/* End PBXFrameworksBuildPhase section */

/* Begin PBXGroup section */
		DD6695E41A6196BA00EF4D8B = {
			isa = PBXGroup;
			children = (
				DD6695EF1A6196BA00EF4D8B /* Z32 */,
				DD6696091A6196BA00EF4D8B /* Z32Tests */,
				DD6695EE1A6196BA00EF4D8B /* Products */,
			);
			sourceTree = "<group>";
		};
		DD6695EE1A6196BA00EF4D8B /* Products */ = {
			isa = PBXGroup;
			children = (
				DD6695ED1A6196BA00EF4D8B /* Z32.app */,
				DD6696061A6196BA00EF4D8B /* Z32Tests.xctest */,
			);
			name = Products;
			sourceTree = "<group>";
		};
		DD6695EF1A6196BA00EF4D8B /* Z32 */ = {
			isa = PBXGroup;
			children = (
				DD6695F41A6196BA00EF4D8B /* AppDelegate.h */,
				DD6695F51A6196BA00EF4D8B /* AppDelegate.m */,
				DD6695F71A6196BA00EF4D8B /* ViewControllerScreen1.h */,
				DD6695F81A6196BA00EF4D8B /* ViewControllerScreen1.m */,
				DD6696161A619DE900EF4D8B /* ViewControllerScreen2.h */,
				DD6696171A619DE900EF4D8B /* ViewControllerScreen2.m */,
				DD6695FA1A6196BA00EF4D8B /* Main.storyboard */,
				DD6695FD1A6196BA00EF4D8B /* Images.xcassets */,
				DD6695FF1A6196BA00EF4D8B /* LaunchScreen.xib */,
				DD6695F01A6196BA00EF4D8B /* Supporting Files */,
			);
			path = Z32;
			sourceTree = "<group>";
		};
		DD6695F01A6196BA00EF4D8B /* Supporting Files */ = {
			isa = PBXGroup;
			children = (
				DD6695F11A6196BA00EF4D8B /* Info.plist */,
				DD6695F21A6196BA00EF4D8B /* main.m */,
			);
			name = "Supporting Files";
			sourceTree = "<group>";
		};
		DD6696091A6196BA00EF4D8B /* Z32Tests */ = {
			isa = PBXGroup;
			children = (
				DD66960C1A6196BA00EF4D8B /* Z32Tests.m */,
				DD66960A1A6196BA00EF4D8B /* Supporting Files */,
			);
			path = Z32Tests;
			sourceTree = "<group>";
		};
		DD66960A1A6196BA00EF4D8B /* Supporting Files */ = {
			isa = PBXGroup;
			children = (
				DD66960B1A6196BA00EF4D8B /* Info.plist */,
			);
			name = "Supporting Files";
			sourceTree = "<group>";
		};
/* End PBXGroup section */

/* Begin PBXNativeTarget section */
		DD6695EC1A6196BA00EF4D8B /* Z32 */ = {
			isa = PBXNativeTarget;
			buildConfigurationList = DD6696101A6196BA00EF4D8B /* Build configuration list for PBXNativeTarget "Z32" */;
			buildPhases = (
				DD6695E91A6196BA00EF4D8B /* Sources */,
				DD6695EA1A6196BA00EF4D8B /* Frameworks */,
				DD6695EB1A6196BA00EF4D8B /* Resources */,
			);
			buildRules = (
			);
			dependencies = (
			);
			name = Z32;
			productName = Z32;
			productReference = DD6695ED1A6196BA00EF4D8B /* Z32.app */;
			productType = "com.apple.product-type.application";
		};
		DD6696051A6196BA00EF4D8B /* Z32Tests */ = {
			isa = PBXNativeTarget;
			buildConfigurationList = DD6696131A6196BA00EF4D8B /* Build configuration list for PBXNativeTarget "Z32Tests" */;
			buildPhases = (
				DD6696021A6196BA00EF4D8B /* Sources */,
				DD6696031A6196BA00EF4D8B /* Frameworks */,
				DD6696041A6196BA00EF4D8B /* Resources */,
			);
			buildRules = (
			);
			dependencies = (
				DD6696081A6196BA00EF4D8B /* PBXTargetDependency */,
			);
			name = Z32Tests;
			productName = Z32Tests;
			productReference = DD6696061A6196BA00EF4D8B /* Z32Tests.xctest */;
			productType = "com.apple.product-type.bundle.unit-test";
		};
/* End PBXNativeTarget section */

/* Begin PBXProject section */
		DD6695E51A6196BA00EF4D8B /* Project object */ = {
			isa = PBXProject;
			attributes = {
				LastUpgradeCheck = 0610;
				ORGANIZATIONNAME = IIUJ;
				TargetAttributes = {
					DD6695EC1A6196BA00EF4D8B = {
						CreatedOnToolsVersion = 6.1.1;
					};
					DD6696051A6196BA00EF4D8B = {
						CreatedOnToolsVersion = 6.1.1;
						TestTargetID = DD6695EC1A6196BA00EF4D8B;
					};
				};
			};
			buildConfigurationList = DD6695E81A6196BA00EF4D8B /* Build configuration list for PBXProject "Z32" */;
			compatibilityVersion = "Xcode 3.2";
			developmentRegion = English;
			hasScannedForEncodings = 0;
			knownRegions = (
				en,
				Base,
			);
			mainGroup = DD6695E41A6196BA00EF4D8B;
			productRefGroup = DD6695EE1A6196BA00EF4D8B /* Products */;
			projectDirPath = "";
			projectRoot = "";
			targets = (
				DD6695EC1A6196BA00EF4D8B /* Z32 */,
				DD6696051A6196BA00EF4D8B /* Z32Tests */,
			);
		};
/* End PBXProject section */

/* Begin PBXResourcesBuildPhase section */
		DD6695EB1A6196BA00EF4D8B /* Resources */ = {
			isa = PBXResourcesBuildPhase;
			buildActionMask = 2147483647;
			files = (
				DD6695FC1A6196BA00EF4D8B /* Main.storyboard in Resources */,
				DD6696011A6196BA00EF4D8B /* LaunchScreen.xib in Resources */,
				DD6695FE1A6196BA00EF4D8B /* Images.xcassets in Resources */,
			);
			runOnlyForDeploymentPostprocessing = 0;
		};
		DD6696041A6196BA00EF4D8B /* Resources */ = {
			isa = PBXResourcesBuildPhase;
			buildActionMask = 2147483647;
			files = (
			);
			runOnlyForDeploymentPostprocessing = 0;
		};
/* End PBXResourcesBuildPhase section */

/* Begin PBXSourcesBuildPhase section */
		DD6695E91A6196BA00EF4D8B /* Sources */ = {
			isa = PBXSourcesBuildPhase;
			buildActionMask = 2147483647;
			files = (
				DD6695F91A6196BA00EF4D8B /* ViewControllerScreen1.m in Sources */,
				DD6695F61A6196BA00EF4D8B /* AppDelegate.m in Sources */,
				DD6695F31A6196BA00EF4D8B /* main.m in Sources */,
				DD6696181A619DE900EF4D8B /* ViewControllerScreen2.m in Sources */,
			);
			runOnlyForDeploymentPostprocessing = 0;
		};
		DD6696021A6196BA00EF4D8B /* Sources */ = {
			isa = PBXSourcesBuildPhase;
			buildActionMask = 2147483647;
			files = (
				DD66960D1A6196BA00EF4D8B /* Z32Tests.m in Sources */,
			);
			runOnlyForDeploymentPostprocessing = 0;
		};
/* End PBXSourcesBuildPhase section */

/* Begin PBXTargetDependency section */
		DD6696081A6196BA00EF4D8B /* PBXTargetDependency */ = {
			isa = PBXTargetDependency;
			target = DD6695EC1A6196BA00EF4D8B /* Z32 */;
			targetProxy = DD6696071A6196BA00EF4D8B /* PBXContainerItemProxy */;
		};
/* End PBXTargetDependency section */

/* Begin PBXVariantGroup section */
		DD6695FA1A6196BA00EF4D8B /* Main.storyboard */ = {
			isa = PBXVariantGroup;
			children = (
				DD6695FB1A6196BA00EF4D8B /* Base */,
			);
			name = Main.storyboard;
			sourceTree = "<group>";
		};
		DD6695FF1A6196BA00EF4D8B /* LaunchScreen.xib */ = {
			isa = PBXVariantGroup;
			children = (
				DD6696001A6196BA00EF4D8B /* Base */,
			);
			name = LaunchScreen.xib;
			sourceTree = "<group>";
		};
/* End PBXVariantGroup section */

/* Begin XCBuildConfiguration section */
		DD66960E1A6196BA00EF4D8B /* Debug */ = {
			isa = XCBuildConfiguration;
			buildSettings = {
				ALWAYS_SEARCH_USER_PATHS = NO;
				CLANG_CXX_LANGUAGE_STANDARD = "gnu++0x";
				CLANG_CXX_LIBRARY = "libc++";
				CLANG_ENABLE_MODULES = YES;
				CLANG_ENABLE_OBJC_ARC = YES;
				CLANG_WARN_BOOL_CONVERSION = YES;
				CLANG_WARN_CONSTANT_CONVERSION = YES;
				CLANG_WARN_DIRECT_OBJC_ISA_USAGE = YES_ERROR;
				CLANG_WARN_EMPTY_BODY = YES;
				CLANG_WARN_ENUM_CONVERSION = YES;
				CLANG_WARN_INT_CONVERSION = YES;
				CLANG_WARN_OBJC_ROOT_CLASS = YES_ERROR;
				CLANG_WARN_UNREACHABLE_CODE = YES;
				CLANG_WARN__DUPLICATE_METHOD_MATCH = YES;
				"CODE_SIGN_IDENTITY[sdk=iphoneos*]" = "iPhone Developer";
				COPY_PHASE_STRIP = NO;
				ENABLE_STRICT_OBJC_MSGSEND = YES;
				GCC_C_LANGUAGE_STANDARD = gnu99;
				GCC_DYNAMIC_NO_PIC = NO;
				GCC_OPTIMIZATION_LEVEL = 0;
				GCC_PREPROCESSOR_DEFINITIONS = (
					"DEBUG=1",
					"$(inherited)",
				);
				GCC_SYMBOLS_PRIVATE_EXTERN = NO;
				GCC_WARN_64_TO_32_BIT_CONVERSION = YES;
				GCC_WARN_ABOUT_RETURN_TYPE = YES_ERROR;
				GCC_WARN_UNDECLARED_SELECTOR = YES;
				GCC_WARN_UNINITIALIZED_AUTOS = YES_AGGRESSIVE;
				GCC_WARN_UNUSED_FUNCTION = YES;
				GCC_WARN_UNUSED_VARIABLE = YES;
				IPHONEOS_DEPLOYMENT_TARGET = 8.1;
				MTL_ENABLE_DEBUG_INFO = YES;
				ONLY_ACTIVE_ARCH = YES;
				SDKROOT = iphoneos;
			};
			name = Debug;
		};
		DD66960F1A6196BA00EF4D8B /* Release */ = {
			isa = XCBuildConfiguration;
			buildSettings = {
				ALWAYS_SEARCH_USER_PATHS = NO;
				CLANG_CXX_LANGUAGE_STANDARD = "gnu++0x";
				CLANG_CXX_LIBRARY = "libc++";
				CLANG_ENABLE_MODULES = YES;
				CLANG_ENABLE_OBJC_ARC = YES;
				CLANG_WARN_BOOL_CONVERSION = YES;
				CLANG_WARN_CONSTANT_CONVERSION = YES;
				CLANG_WARN_DIRECT_OBJC_ISA_USAGE = YES_ERROR;
				CLANG_WARN_EMPTY_BODY = YES;
				CLANG_WARN_ENUM_CONVERSION = YES;
				CLANG_WARN_INT_CONVERSION = YES;
				CLANG_WARN_OBJC_ROOT_CLASS = YES_ERROR;
				CLANG_WARN_UNREACHABLE_CODE = YES;
				CLANG_WARN__DUPLICATE_METHOD_MATCH = YES;
				"CODE_SIGN_IDENTITY[sdk=iphoneos*]" = "iPhone Developer";
				COPY_PHASE_STRIP = YES;
				ENABLE_NS_ASSERTIONS = NO;
				ENABLE_STRICT_OBJC_MSGSEND = YES;
				GCC_C_LANGUAGE_STANDARD = gnu99;
				GCC_WARN_64_TO_32_BIT_CONVERSION = YES;
				GCC_WARN_ABOUT_RETURN_TYPE = YES_ERROR;
				GCC_WARN_UNDECLARED_SELECTOR = YES;
				GCC_WARN_UNINITIALIZED_AUTOS = YES_AGGRESSIVE;
				GCC_WARN_UNUSED_FUNCTION = YES;
				GCC_WARN_UNUSED_VARIABLE = YES;
				IPHONEOS_DEPLOYMENT_TARGET = 8.1;
				MTL_ENABLE_DEBUG_INFO = NO;
				SDKROOT = iphoneos;
				VALIDATE_PRODUCT = YES;
			};
			name = Release;
		};
		DD6696111A6196BA00EF4D8B /* Debug */ = {
			isa = XCBuildConfiguration;
			buildSettings = {
				ASSETCATALOG_COMPILER_APPICON_NAME = AppIcon;
				INFOPLIST_FILE = Z32/Info.plist;
				LD_RUNPATH_SEARCH_PATHS = "$(inherited) @executable_path/Frameworks";
				PRODUCT_NAME = "$(TARGET_NAME)";
			};
			name = Debug;
		};
		DD6696121A6196BA00EF4D8B /* Release */ = {
			isa = XCBuildConfiguration;
			buildSettings = {
				ASSETCATALOG_COMPILER_APPICON_NAME = AppIcon;
				INFOPLIST_FILE = Z32/Info.plist;
				LD_RUNPATH_SEARCH_PATHS = "$(inherited) @executable_path/Frameworks";
				PRODUCT_NAME = "$(TARGET_NAME)";
			};
			name = Release;
		};
		DD6696141A6196BA00EF4D8B /* Debug */ = {
			isa = XCBuildConfiguration;
			buildSettings = {
				BUNDLE_LOADER = "$(TEST_HOST)";
				FRAMEWORK_SEARCH_PATHS = (
					"$(SDKROOT)/Developer/Library/Frameworks",
					"$(inherited)",
				);
				GCC_PREPROCESSOR_DEFINITIONS = (
					"DEBUG=1",
					"$(inherited)",
				);
				INFOPLIST_FILE = Z32Tests/Info.plist;
				LD_RUNPATH_SEARCH_PATHS = "$(inherited) @executable_path/Frameworks @loader_path/Frameworks";
				PRODUCT_NAME = "$(TARGET_NAME)";
				TEST_HOST = "$(BUILT_PRODUCTS_DIR)/Z32.app/Z32";
			};
			name = Debug;
		};
		DD6696151A6196BA00EF4D8B /* Release */ = {
			isa = XCBuildConfiguration;
			buildSettings = {
				BUNDLE_LOADER = "$(TEST_HOST)";
				FRAMEWORK_SEARCH_PATHS = (
					"$(SDKROOT)/Developer/Library/Frameworks",
					"$(inherited)",
				);
				INFOPLIST_FILE = Z32Tests/Info.plist;
				LD_RUNPATH_SEARCH_PATHS = "$(inherited) @executable_path/Frameworks @loader_path/Frameworks";
				PRODUCT_NAME = "$(TARGET_NAME)";
				TEST_HOST = "$(BUILT_PRODUCTS_DIR)/Z32.app/Z32";
			};
			name = Release;
		};
/* End XCBuildConfiguration section */

/* Begin XCConfigurationList section */
		DD6695E81A6196BA00EF4D8B /* Build configuration list for PBXProject "Z32" */ = {
			isa = XCConfigurationList;
			buildConfigurations = (
				DD66960E1A6196BA00EF4D8B /* Debug */,
				DD66960F1A6196BA00EF4D8B /* Release */,
			);
			defaultConfigurationIsVisible = 0;
			defaultConfigurationName = Release;
		};
		DD6696101A6196BA00EF4D8B /* Build configuration list for PBXNativeTarget "Z32" */ = {
			isa = XCConfigurationList;
			buildConfigurations = (
				DD6696111A6196BA00EF4D8B /* Debug */,
				DD6696121A6196BA00EF4D8B /* Release */,
			);
			defaultConfigurationIsVisible = 0;
		};
		DD6696131A6196BA00EF4D8B /* Build configuration list for PBXNativeTarget "Z32Tests" */ = {
			isa = XCConfigurationList;
			buildConfigurations = (
				DD6696141A6196BA00EF4D8B /* Debug */,
				DD6696151A6196BA00EF4D8B /* Release */,
			);
			defaultConfigurationIsVisible = 0;
		};
/* End XCConfigurationList section */
	};
	rootObject = DD6695E51A6196BA00EF4D8B /* Project object */;
}
