// !$*UTF8*$!
{
	archiveVersion = 1;
	classes = {
	};
	objectVersion = 46;
	objects = {

/* Begin PBXBuildFile section */
		DD5A90961AA3676B00CBBA7C /* AppDelegate.swift in Sources */ = {isa = PBXBuildFile; fileRef = DD5A90951AA3676B00CBBA7C /* AppDelegate.swift */; };
		DD5A90981AA3676B00CBBA7C /* ViewController.swift in Sources */ = {isa = PBXBuildFile; fileRef = DD5A90971AA3676B00CBBA7C /* ViewController.swift */; };
		DD5A909B1AA3676B00CBBA7C /* Main.storyboard in Resources */ = {isa = PBXBuildFile; fileRef = DD5A90991AA3676B00CBBA7C /* Main.storyboard */; };
		DD5A909D1AA3676B00CBBA7C /* Images.xcassets in Resources */ = {isa = PBXBuildFile; fileRef = DD5A909C1AA3676B00CBBA7C /* Images.xcassets */; };
		DD5A90A01AA3676B00CBBA7C /* LaunchScreen.xib in Resources */ = {isa = PBXBuildFile; fileRef = DD5A909E1AA3676B00CBBA7C /* LaunchScreen.xib */; };
		DD5A90AC1AA3676B00CBBA7C /* Cars1Tests.swift in Sources */ = {isa = PBXBuildFile; fileRef = DD5A90AB1AA3676B00CBBA7C /* Cars1Tests.swift */; };
		DD5A90B61AA367FA00CBBA7C /* Car.swift in Sources */ = {isa = PBXBuildFile; fileRef = DD5A90B51AA367FA00CBBA7C /* Car.swift */; };
/* End PBXBuildFile section */

/* Begin PBXContainerItemProxy section */
		DD5A90A61AA3676B00CBBA7C /* PBXContainerItemProxy */ = {
			isa = PBXContainerItemProxy;
			containerPortal = DD5A90881AA3676B00CBBA7C /* Project object */;
			proxyType = 1;
			remoteGlobalIDString = DD5A908F1AA3676B00CBBA7C;
			remoteInfo = Cars1;
		};
/* End PBXContainerItemProxy section */

/* Begin PBXFileReference section */
		DD5A90901AA3676B00CBBA7C /* Cars1.app */ = {isa = PBXFileReference; explicitFileType = wrapper.application; includeInIndex = 0; path = Cars1.app; sourceTree = BUILT_PRODUCTS_DIR; };
		DD5A90941AA3676B00CBBA7C /* Info.plist */ = {isa = PBXFileReference; lastKnownFileType = text.plist.xml; path = Info.plist; sourceTree = "<group>"; };
		DD5A90951AA3676B00CBBA7C /* AppDelegate.swift */ = {isa = PBXFileReference; lastKnownFileType = sourcecode.swift; path = AppDelegate.swift; sourceTree = "<group>"; };
		DD5A90971AA3676B00CBBA7C /* ViewController.swift */ = {isa = PBXFileReference; lastKnownFileType = sourcecode.swift; path = ViewController.swift; sourceTree = "<group>"; };
		DD5A909A1AA3676B00CBBA7C /* Base */ = {isa = PBXFileReference; lastKnownFileType = file.storyboard; name = Base; path = Base.lproj/Main.storyboard; sourceTree = "<group>"; };
		DD5A909C1AA3676B00CBBA7C /* Images.xcassets */ = {isa = PBXFileReference; lastKnownFileType = folder.assetcatalog; path = Images.xcassets; sourceTree = "<group>"; };
		DD5A909F1AA3676B00CBBA7C /* Base */ = {isa = PBXFileReference; lastKnownFileType = file.xib; name = Base; path = Base.lproj/LaunchScreen.xib; sourceTree = "<group>"; };
		DD5A90A51AA3676B00CBBA7C /* Cars1Tests.xctest */ = {isa = PBXFileReference; explicitFileType = wrapper.cfbundle; includeInIndex = 0; path = Cars1Tests.xctest; sourceTree = BUILT_PRODUCTS_DIR; };
		DD5A90AA1AA3676B00CBBA7C /* Info.plist */ = {isa = PBXFileReference; lastKnownFileType = text.plist.xml; path = Info.plist; sourceTree = "<group>"; };
		DD5A90AB1AA3676B00CBBA7C /* Cars1Tests.swift */ = {isa = PBXFileReference; lastKnownFileType = sourcecode.swift; path = Cars1Tests.swift; sourceTree = "<group>"; };
		DD5A90B51AA367FA00CBBA7C /* Car.swift */ = {isa = PBXFileReference; fileEncoding = 4; lastKnownFileType = sourcecode.swift; path = Car.swift; sourceTree = "<group>"; };
/* End PBXFileReference section */

/* Begin PBXFrameworksBuildPhase section */
		DD5A908D1AA3676B00CBBA7C /* Frameworks */ = {
			isa = PBXFrameworksBuildPhase;
			buildActionMask = 2147483647;
			files = (
			);
			runOnlyForDeploymentPostprocessing = 0;
		};
		DD5A90A21AA3676B00CBBA7C /* Frameworks */ = {
			isa = PBXFrameworksBuildPhase;
			buildActionMask = 2147483647;
			files = (
			);
			runOnlyForDeploymentPostprocessing = 0;
		};
/* End PBXFrameworksBuildPhase section */

/* Begin PBXGroup section */
		DD5A90871AA3676B00CBBA7C = {
			isa = PBXGroup;
			children = (
				DD5A90921AA3676B00CBBA7C /* Cars1 */,
				DD5A90A81AA3676B00CBBA7C /* Cars1Tests */,
				DD5A90911AA3676B00CBBA7C /* Products */,
			);
			sourceTree = "<group>";
		};
		DD5A90911AA3676B00CBBA7C /* Products */ = {
			isa = PBXGroup;
			children = (
				DD5A90901AA3676B00CBBA7C /* Cars1.app */,
				DD5A90A51AA3676B00CBBA7C /* Cars1Tests.xctest */,
			);
			name = Products;
			sourceTree = "<group>";
		};
		DD5A90921AA3676B00CBBA7C /* Cars1 */ = {
			isa = PBXGroup;
			children = (
				DD5A90951AA3676B00CBBA7C /* AppDelegate.swift */,
				DD5A90971AA3676B00CBBA7C /* ViewController.swift */,
				DD5A90B51AA367FA00CBBA7C /* Car.swift */,
				DD5A90991AA3676B00CBBA7C /* Main.storyboard */,
				DD5A909C1AA3676B00CBBA7C /* Images.xcassets */,
				DD5A909E1AA3676B00CBBA7C /* LaunchScreen.xib */,
				DD5A90931AA3676B00CBBA7C /* Supporting Files */,
			);
			path = Cars1;
			sourceTree = "<group>";
		};
		DD5A90931AA3676B00CBBA7C /* Supporting Files */ = {
			isa = PBXGroup;
			children = (
				DD5A90941AA3676B00CBBA7C /* Info.plist */,
			);
			name = "Supporting Files";
			sourceTree = "<group>";
		};
		DD5A90A81AA3676B00CBBA7C /* Cars1Tests */ = {
			isa = PBXGroup;
			children = (
				DD5A90AB1AA3676B00CBBA7C /* Cars1Tests.swift */,
				DD5A90A91AA3676B00CBBA7C /* Supporting Files */,
			);
			path = Cars1Tests;
			sourceTree = "<group>";
		};
		DD5A90A91AA3676B00CBBA7C /* Supporting Files */ = {
			isa = PBXGroup;
			children = (
				DD5A90AA1AA3676B00CBBA7C /* Info.plist */,
			);
			name = "Supporting Files";
			sourceTree = "<group>";
		};
/* End PBXGroup section */

/* Begin PBXNativeTarget section */
		DD5A908F1AA3676B00CBBA7C /* Cars1 */ = {
			isa = PBXNativeTarget;
			buildConfigurationList = DD5A90AF1AA3676B00CBBA7C /* Build configuration list for PBXNativeTarget "Cars1" */;
			buildPhases = (
				DD5A908C1AA3676B00CBBA7C /* Sources */,
				DD5A908D1AA3676B00CBBA7C /* Frameworks */,
				DD5A908E1AA3676B00CBBA7C /* Resources */,
			);
			buildRules = (
			);
			dependencies = (
			);
			name = Cars1;
			productName = Cars1;
			productReference = DD5A90901AA3676B00CBBA7C /* Cars1.app */;
			productType = "com.apple.product-type.application";
		};
		DD5A90A41AA3676B00CBBA7C /* Cars1Tests */ = {
			isa = PBXNativeTarget;
			buildConfigurationList = DD5A90B21AA3676B00CBBA7C /* Build configuration list for PBXNativeTarget "Cars1Tests" */;
			buildPhases = (
				DD5A90A11AA3676B00CBBA7C /* Sources */,
				DD5A90A21AA3676B00CBBA7C /* Frameworks */,
				DD5A90A31AA3676B00CBBA7C /* Resources */,
			);
			buildRules = (
			);
			dependencies = (
				DD5A90A71AA3676B00CBBA7C /* PBXTargetDependency */,
			);
			name = Cars1Tests;
			productName = Cars1Tests;
			productReference = DD5A90A51AA3676B00CBBA7C /* Cars1Tests.xctest */;
			productType = "com.apple.product-type.bundle.unit-test";
		};
/* End PBXNativeTarget section */

/* Begin PBXProject section */
		DD5A90881AA3676B00CBBA7C /* Project object */ = {
			isa = PBXProject;
			attributes = {
				LastUpgradeCheck = 0610;
				ORGANIZATIONNAME = IIUJ;
				TargetAttributes = {
					DD5A908F1AA3676B00CBBA7C = {
						CreatedOnToolsVersion = 6.1.1;
					};
					DD5A90A41AA3676B00CBBA7C = {
						CreatedOnToolsVersion = 6.1.1;
						TestTargetID = DD5A908F1AA3676B00CBBA7C;
					};
				};
			};
			buildConfigurationList = DD5A908B1AA3676B00CBBA7C /* Build configuration list for PBXProject "Cars1" */;
			compatibilityVersion = "Xcode 3.2";
			developmentRegion = English;
			hasScannedForEncodings = 0;
			knownRegions = (
				en,
				Base,
			);
			mainGroup = DD5A90871AA3676B00CBBA7C;
			productRefGroup = DD5A90911AA3676B00CBBA7C /* Products */;
			projectDirPath = "";
			projectRoot = "";
			targets = (
				DD5A908F1AA3676B00CBBA7C /* Cars1 */,
				DD5A90A41AA3676B00CBBA7C /* Cars1Tests */,
			);
		};
/* End PBXProject section */

/* Begin PBXResourcesBuildPhase section */
		DD5A908E1AA3676B00CBBA7C /* Resources */ = {
			isa = PBXResourcesBuildPhase;
			buildActionMask = 2147483647;
			files = (
				DD5A909B1AA3676B00CBBA7C /* Main.storyboard in Resources */,
				DD5A90A01AA3676B00CBBA7C /* LaunchScreen.xib in Resources */,
				DD5A909D1AA3676B00CBBA7C /* Images.xcassets in Resources */,
			);
			runOnlyForDeploymentPostprocessing = 0;
		};
		DD5A90A31AA3676B00CBBA7C /* Resources */ = {
			isa = PBXResourcesBuildPhase;
			buildActionMask = 2147483647;
			files = (
			);
			runOnlyForDeploymentPostprocessing = 0;
		};
/* End PBXResourcesBuildPhase section */

/* Begin PBXSourcesBuildPhase section */
		DD5A908C1AA3676B00CBBA7C /* Sources */ = {
			isa = PBXSourcesBuildPhase;
			buildActionMask = 2147483647;
			files = (
				DD5A90981AA3676B00CBBA7C /* ViewController.swift in Sources */,
				DD5A90961AA3676B00CBBA7C /* AppDelegate.swift in Sources */,
				DD5A90B61AA367FA00CBBA7C /* Car.swift in Sources */,
			);
			runOnlyForDeploymentPostprocessing = 0;
		};
		DD5A90A11AA3676B00CBBA7C /* Sources */ = {
			isa = PBXSourcesBuildPhase;
			buildActionMask = 2147483647;
			files = (
				DD5A90AC1AA3676B00CBBA7C /* Cars1Tests.swift in Sources */,
			);
			runOnlyForDeploymentPostprocessing = 0;
		};
/* End PBXSourcesBuildPhase section */

/* Begin PBXTargetDependency section */
		DD5A90A71AA3676B00CBBA7C /* PBXTargetDependency */ = {
			isa = PBXTargetDependency;
			target = DD5A908F1AA3676B00CBBA7C /* Cars1 */;
			targetProxy = DD5A90A61AA3676B00CBBA7C /* PBXContainerItemProxy */;
		};
/* End PBXTargetDependency section */

/* Begin PBXVariantGroup section */
		DD5A90991AA3676B00CBBA7C /* Main.storyboard */ = {
			isa = PBXVariantGroup;
			children = (
				DD5A909A1AA3676B00CBBA7C /* Base */,
			);
			name = Main.storyboard;
			sourceTree = "<group>";
		};
		DD5A909E1AA3676B00CBBA7C /* LaunchScreen.xib */ = {
			isa = PBXVariantGroup;
			children = (
				DD5A909F1AA3676B00CBBA7C /* Base */,
			);
			name = LaunchScreen.xib;
			sourceTree = "<group>";
		};
/* End PBXVariantGroup section */

/* Begin XCBuildConfiguration section */
		DD5A90AD1AA3676B00CBBA7C /* Debug */ = {
			isa = XCBuildConfiguration;
			buildSettings = {
				ALWAYS_SEARCH_USER_PATHS = NO;
				CLANG_CXX_LANGUAGE_STANDARD = "gnu++0x";
				CLANG_CXX_LIBRARY = "libc++";
				CLANG_ENABLE_MODULES = YES;
				CLANG_ENABLE_OBJC_ARC = YES;
				CLANG_WARN_BOOL_CONVERSION = YES;
				CLANG_WARN_CONSTANT_CONVERSION = YES;
				CLANG_WARN_DIRECT_OBJC_ISA_USAGE = YES_ERROR;
				CLANG_WARN_EMPTY_BODY = YES;
				CLANG_WARN_ENUM_CONVERSION = YES;
				CLANG_WARN_INT_CONVERSION = YES;
				CLANG_WARN_OBJC_ROOT_CLASS = YES_ERROR;
				CLANG_WARN_UNREACHABLE_CODE = YES;
				CLANG_WARN__DUPLICATE_METHOD_MATCH = YES;
				"CODE_SIGN_IDENTITY[sdk=iphoneos*]" = "iPhone Developer";
				COPY_PHASE_STRIP = NO;
				ENABLE_STRICT_OBJC_MSGSEND = YES;
				GCC_C_LANGUAGE_STANDARD = gnu99;
				GCC_DYNAMIC_NO_PIC = NO;
				GCC_OPTIMIZATION_LEVEL = 0;
				GCC_PREPROCESSOR_DEFINITIONS = (
					"DEBUG=1",
					"$(inherited)",
				);
				GCC_SYMBOLS_PRIVATE_EXTERN = NO;
				GCC_WARN_64_TO_32_BIT_CONVERSION = YES;
				GCC_WARN_ABOUT_RETURN_TYPE = YES_ERROR;
				GCC_WARN_UNDECLARED_SELECTOR = YES;
				GCC_WARN_UNINITIALIZED_AUTOS = YES_AGGRESSIVE;
				GCC_WARN_UNUSED_FUNCTION = YES;
				GCC_WARN_UNUSED_VARIABLE = YES;
				IPHONEOS_DEPLOYMENT_TARGET = 8.1;
				MTL_ENABLE_DEBUG_INFO = YES;
				ONLY_ACTIVE_ARCH = YES;
				SDKROOT = iphoneos;
				SWIFT_OPTIMIZATION_LEVEL = "-Onone";
			};
			name = Debug;
		};
		DD5A90AE1AA3676B00CBBA7C /* Release */ = {
			isa = XCBuildConfiguration;
			buildSettings = {
				ALWAYS_SEARCH_USER_PATHS = NO;
				CLANG_CXX_LANGUAGE_STANDARD = "gnu++0x";
				CLANG_CXX_LIBRARY = "libc++";
				CLANG_ENABLE_MODULES = YES;
				CLANG_ENABLE_OBJC_ARC = YES;
				CLANG_WARN_BOOL_CONVERSION = YES;
				CLANG_WARN_CONSTANT_CONVERSION = YES;
				CLANG_WARN_DIRECT_OBJC_ISA_USAGE = YES_ERROR;
				CLANG_WARN_EMPTY_BODY = YES;
				CLANG_WARN_ENUM_CONVERSION = YES;
				CLANG_WARN_INT_CONVERSION = YES;
				CLANG_WARN_OBJC_ROOT_CLASS = YES_ERROR;
				CLANG_WARN_UNREACHABLE_CODE = YES;
				CLANG_WARN__DUPLICATE_METHOD_MATCH = YES;
				"CODE_SIGN_IDENTITY[sdk=iphoneos*]" = "iPhone Developer";
				COPY_PHASE_STRIP = YES;
				ENABLE_NS_ASSERTIONS = NO;
				ENABLE_STRICT_OBJC_MSGSEND = YES;
				GCC_C_LANGUAGE_STANDARD = gnu99;
				GCC_WARN_64_TO_32_BIT_CONVERSION = YES;
				GCC_WARN_ABOUT_RETURN_TYPE = YES_ERROR;
				GCC_WARN_UNDECLARED_SELECTOR = YES;
				GCC_WARN_UNINITIALIZED_AUTOS = YES_AGGRESSIVE;
				GCC_WARN_UNUSED_FUNCTION = YES;
				GCC_WARN_UNUSED_VARIABLE = YES;
				IPHONEOS_DEPLOYMENT_TARGET = 8.1;
				MTL_ENABLE_DEBUG_INFO = NO;
				SDKROOT = iphoneos;
				VALIDATE_PRODUCT = YES;
			};
			name = Release;
		};
		DD5A90B01AA3676B00CBBA7C /* Debug */ = {
			isa = XCBuildConfiguration;
			buildSettings = {
				ASSETCATALOG_COMPILER_APPICON_NAME = AppIcon;
				INFOPLIST_FILE = Cars1/Info.plist;
				LD_RUNPATH_SEARCH_PATHS = "$(inherited) @executable_path/Frameworks";
				PRODUCT_NAME = "$(TARGET_NAME)";
			};
			name = Debug;
		};
		DD5A90B11AA3676B00CBBA7C /* Release */ = {
			isa = XCBuildConfiguration;
			buildSettings = {
				ASSETCATALOG_COMPILER_APPICON_NAME = AppIcon;
				INFOPLIST_FILE = Cars1/Info.plist;
				LD_RUNPATH_SEARCH_PATHS = "$(inherited) @executable_path/Frameworks";
				PRODUCT_NAME = "$(TARGET_NAME)";
			};
			name = Release;
		};
		DD5A90B31AA3676B00CBBA7C /* Debug */ = {
			isa = XCBuildConfiguration;
			buildSettings = {
				BUNDLE_LOADER = "$(TEST_HOST)";
				FRAMEWORK_SEARCH_PATHS = (
					"$(SDKROOT)/Developer/Library/Frameworks",
					"$(inherited)",
				);
				GCC_PREPROCESSOR_DEFINITIONS = (
					"DEBUG=1",
					"$(inherited)",
				);
				INFOPLIST_FILE = Cars1Tests/Info.plist;
				LD_RUNPATH_SEARCH_PATHS = "$(inherited) @executable_path/Frameworks @loader_path/Frameworks";
				PRODUCT_NAME = "$(TARGET_NAME)";
				TEST_HOST = "$(BUILT_PRODUCTS_DIR)/Cars1.app/Cars1";
			};
			name = Debug;
		};
		DD5A90B41AA3676B00CBBA7C /* Release */ = {
			isa = XCBuildConfiguration;
			buildSettings = {
				BUNDLE_LOADER = "$(TEST_HOST)";
				FRAMEWORK_SEARCH_PATHS = (
					"$(SDKROOT)/Developer/Library/Frameworks",
					"$(inherited)",
				);
				INFOPLIST_FILE = Cars1Tests/Info.plist;
				LD_RUNPATH_SEARCH_PATHS = "$(inherited) @executable_path/Frameworks @loader_path/Frameworks";
				PRODUCT_NAME = "$(TARGET_NAME)";
				TEST_HOST = "$(BUILT_PRODUCTS_DIR)/Cars1.app/Cars1";
			};
			name = Release;
		};
/* End XCBuildConfiguration section */

/* Begin XCConfigurationList section */
		DD5A908B1AA3676B00CBBA7C /* Build configuration list for PBXProject "Cars1" */ = {
			isa = XCConfigurationList;
			buildConfigurations = (
				DD5A90AD1AA3676B00CBBA7C /* Debug */,
				DD5A90AE1AA3676B00CBBA7C /* Release */,
			);
			defaultConfigurationIsVisible = 0;
			defaultConfigurationName = Release;
		};
		DD5A90AF1AA3676B00CBBA7C /* Build configuration list for PBXNativeTarget "Cars1" */ = {
			isa = XCConfigurationList;
			buildConfigurations = (
				DD5A90B01AA3676B00CBBA7C /* Debug */,
				DD5A90B11AA3676B00CBBA7C /* Release */,
			);
			defaultConfigurationIsVisible = 0;
		};
		DD5A90B21AA3676B00CBBA7C /* Build configuration list for PBXNativeTarget "Cars1Tests" */ = {
			isa = XCConfigurationList;
			buildConfigurations = (
				DD5A90B31AA3676B00CBBA7C /* Debug */,
				DD5A90B41AA3676B00CBBA7C /* Release */,
			);
			defaultConfigurationIsVisible = 0;
		};
/* End XCConfigurationList section */
	};
	rootObject = DD5A90881AA3676B00CBBA7C /* Project object */;
}
